
Microsoft Visual Studio Solution File, Format Version 12.00
# Visual Studio 2012
Project("{2150E333-8FDC-42A3-9474-1A3956D46DE8}") = "Common", "Common", "{00E465FC-A23D-4AB6-BF59-380DB63E5148}"
EndProject
Project("{2150E333-8FDC-42A3-9474-1A3956D46DE8}") = "Server", "Server", "{727C1B75-7C03-4F01-B390-352794318017}"
EndProject
Project("{2150E333-8FDC-42A3-9474-1A3956D46DE8}") = "Services", "Services", "{E6C3D460-BA14-4A1D-BCDE-7EA6CB26B8A3}"
EndProject
Project("{2150E333-8FDC-42A3-9474-1A3956D46DE8}") = "UI", "UI", "{07719CBF-37A8-41F2-8F45-3C05F0E48A72}"
EndProject
Project("{2150E333-8FDC-42A3-9474-1A3956D46DE8}") = "Test", "Test", "{C47D5FDF-4E33-4C41-BC68-B26707B38D8F}"
EndProject
Project("{FAE04EC0-301F-11D3-BF4B-00C04F79EFBC}") = "Vilin.Common", "Common\Vilin.Common\Vilin.Common.csproj", "{71FBFA63-E733-4F03-AB79-FC92D5FAC447}"
EndProject
Project("{2150E333-8FDC-42A3-9474-1A3956D46DE8}") = "Data", "Data", "{CA5D0661-4341-4234-A3E8-CAE1521C6F4F}"
EndProject
Project("{2150E333-8FDC-42A3-9474-1A3956D46DE8}") = "Caches", "Caches", "{95CFCD2F-1F9C-426A-B5EE-797EE5FC8C24}"
EndProject
Project("{2150E333-8FDC-42A3-9474-1A3956D46DE8}") = "Core", "Core", "{F71D2B62-BAB6-431F-8DD7-664932ADEF1E}"
EndProject
Project("{2150E333-8FDC-42A3-9474-1A3956D46DE8}") = "Models", "Models", "{C40352D6-5EB4-45A9-8400-ABFB057214E9}"
EndProject
Project("{FAE04EC0-301F-11D3-BF4B-00C04F79EFBC}") = "Vilin.Console", "UI\Vilin.Console\Vilin.Console.csproj", "{15948CF0-7F14-4E29-8325-0B131D618E6D}"
EndProject
Project("{FAE04EC0-301F-11D3-BF4B-00C04F79EFBC}") = "Vilin.Mvc", "UI\Vilin.Mvc\Vilin.Mvc.csproj", "{21DD71F9-1739-4AAB-A453-C6B479AFC0ED}"
EndProject
Project("{FAE04EC0-301F-11D3-BF4B-00C04F79EFBC}") = "Vilin.Web", "UI\Vilin.Web\Vilin.Web.csproj", "{9436155B-9602-4B15-8AF5-30A7EF7253B1}"
EndProject
Project("{2150E333-8FDC-42A3-9474-1A3956D46DE8}") = "Common", "Common", "{BA537700-854F-4ABB-831C-A003278F557A}"
EndProject
Project("{FAE04EC0-301F-11D3-BF4B-00C04F79EFBC}") = "Vilin.Models", "Services\Vilin.Models\Vilin.Models.csproj", "{1A9B549B-25AF-4349-8C3E-DFE50B4C1B6B}"
EndProject
Project("{FAE04EC0-301F-11D3-BF4B-00C04F79EFBC}") = "Vilin.Data", "Services\Vilin.Data\Vilin.Data.csproj", "{60BD0EBE-D85C-4E18-A1FC-140CCB0A0EB4}"
EndProject
Project("{FAE04EC0-301F-11D3-BF4B-00C04F79EFBC}") = "Vilin.Core", "Services\Vilin.Core\Vilin.Core.csproj", "{70B428ED-C895-48B6-8D5C-E0AABAAE5641}"
EndProject
Project("{FAE04EC0-301F-11D3-BF4B-00C04F79EFBC}") = "Vilin.Caches", "Services\Vilin.Caches\Vilin.Caches.csproj", "{6FCC5537-27CA-43F3-9107-C12F68080046}"
EndProject
Global
	GlobalSection(SolutionConfigurationPlatforms) = preSolution
		Debug|Any CPU = Debug|Any CPU
		Release|Any CPU = Release|Any CPU
	EndGlobalSection
	GlobalSection(ProjectConfigurationPlatforms) = postSolution
		{71FBFA63-E733-4F03-AB79-FC92D5FAC447}.Debug|Any CPU.ActiveCfg = Debug|Any CPU
		{71FBFA63-E733-4F03-AB79-FC92D5FAC447}.Debug|Any CPU.Build.0 = Debug|Any CPU
		{71FBFA63-E733-4F03-AB79-FC92D5FAC447}.Release|Any CPU.ActiveCfg = Release|Any CPU
		{71FBFA63-E733-4F03-AB79-FC92D5FAC447}.Release|Any CPU.Build.0 = Release|Any CPU
		{15948CF0-7F14-4E29-8325-0B131D618E6D}.Debug|Any CPU.ActiveCfg = Debug|Any CPU
		{15948CF0-7F14-4E29-8325-0B131D618E6D}.Debug|Any CPU.Build.0 = Debug|Any CPU
		{15948CF0-7F14-4E29-8325-0B131D618E6D}.Release|Any CPU.ActiveCfg = Release|Any CPU
		{15948CF0-7F14-4E29-8325-0B131D618E6D}.Release|Any CPU.Build.0 = Release|Any CPU
		{21DD71F9-1739-4AAB-A453-C6B479AFC0ED}.Debug|Any CPU.ActiveCfg = Debug|Any CPU
		{21DD71F9-1739-4AAB-A453-C6B479AFC0ED}.Debug|Any CPU.Build.0 = Debug|Any CPU
		{21DD71F9-1739-4AAB-A453-C6B479AFC0ED}.Release|Any CPU.ActiveCfg = Release|Any CPU
		{21DD71F9-1739-4AAB-A453-C6B479AFC0ED}.Release|Any CPU.Build.0 = Release|Any CPU
		{9436155B-9602-4B15-8AF5-30A7EF7253B1}.Debug|Any CPU.ActiveCfg = Debug|Any CPU
		{9436155B-9602-4B15-8AF5-30A7EF7253B1}.Debug|Any CPU.Build.0 = Debug|Any CPU
		{9436155B-9602-4B15-8AF5-30A7EF7253B1}.Release|Any CPU.ActiveCfg = Release|Any CPU
		{9436155B-9602-4B15-8AF5-30A7EF7253B1}.Release|Any CPU.Build.0 = Release|Any CPU
		{1A9B549B-25AF-4349-8C3E-DFE50B4C1B6B}.Debug|Any CPU.ActiveCfg = Debug|Any CPU
		{1A9B549B-25AF-4349-8C3E-DFE50B4C1B6B}.Debug|Any CPU.Build.0 = Debug|Any CPU
		{1A9B549B-25AF-4349-8C3E-DFE50B4C1B6B}.Release|Any CPU.ActiveCfg = Release|Any CPU
		{1A9B549B-25AF-4349-8C3E-DFE50B4C1B6B}.Release|Any CPU.Build.0 = Release|Any CPU
		{60BD0EBE-D85C-4E18-A1FC-140CCB0A0EB4}.Debug|Any CPU.ActiveCfg = Debug|Any CPU
		{60BD0EBE-D85C-4E18-A1FC-140CCB0A0EB4}.Debug|Any CPU.Build.0 = Debug|Any CPU
		{60BD0EBE-D85C-4E18-A1FC-140CCB0A0EB4}.Release|Any CPU.ActiveCfg = Release|Any CPU
		{60BD0EBE-D85C-4E18-A1FC-140CCB0A0EB4}.Release|Any CPU.Build.0 = Release|Any CPU
		{70B428ED-C895-48B6-8D5C-E0AABAAE5641}.Debug|Any CPU.ActiveCfg = Debug|Any CPU
		{70B428ED-C895-48B6-8D5C-E0AABAAE5641}.Debug|Any CPU.Build.0 = Debug|Any CPU
		{70B428ED-C895-48B6-8D5C-E0AABAAE5641}.Release|Any CPU.ActiveCfg = Release|Any CPU
		{70B428ED-C895-48B6-8D5C-E0AABAAE5641}.Release|Any CPU.Build.0 = Release|Any CPU
		{6FCC5537-27CA-43F3-9107-C12F68080046}.Debug|Any CPU.ActiveCfg = Debug|Any CPU
		{6FCC5537-27CA-43F3-9107-C12F68080046}.Debug|Any CPU.Build.0 = Debug|Any CPU
		{6FCC5537-27CA-43F3-9107-C12F68080046}.Release|Any CPU.ActiveCfg = Release|Any CPU
		{6FCC5537-27CA-43F3-9107-C12F68080046}.Release|Any CPU.Build.0 = Release|Any CPU
	EndGlobalSection
	GlobalSection(SolutionProperties) = preSolution
		HideSolutionNode = FALSE
	EndGlobalSection
	GlobalSection(NestedProjects) = preSolution
		{71FBFA63-E733-4F03-AB79-FC92D5FAC447} = {00E465FC-A23D-4AB6-BF59-380DB63E5148}
		{CA5D0661-4341-4234-A3E8-CAE1521C6F4F} = {727C1B75-7C03-4F01-B390-352794318017}
		{95CFCD2F-1F9C-426A-B5EE-797EE5FC8C24} = {727C1B75-7C03-4F01-B390-352794318017}
		{F71D2B62-BAB6-431F-8DD7-664932ADEF1E} = {727C1B75-7C03-4F01-B390-352794318017}
		{C40352D6-5EB4-45A9-8400-ABFB057214E9} = {727C1B75-7C03-4F01-B390-352794318017}
		{15948CF0-7F14-4E29-8325-0B131D618E6D} = {07719CBF-37A8-41F2-8F45-3C05F0E48A72}
		{21DD71F9-1739-4AAB-A453-C6B479AFC0ED} = {07719CBF-37A8-41F2-8F45-3C05F0E48A72}
		{9436155B-9602-4B15-8AF5-30A7EF7253B1} = {07719CBF-37A8-41F2-8F45-3C05F0E48A72}
		{BA537700-854F-4ABB-831C-A003278F557A} = {C47D5FDF-4E33-4C41-BC68-B26707B38D8F}
		{60BD0EBE-D85C-4E18-A1FC-140CCB0A0EB4} = {CA5D0661-4341-4234-A3E8-CAE1521C6F4F}
		{6FCC5537-27CA-43F3-9107-C12F68080046} = {95CFCD2F-1F9C-426A-B5EE-797EE5FC8C24}
		{70B428ED-C895-48B6-8D5C-E0AABAAE5641} = {F71D2B62-BAB6-431F-8DD7-664932ADEF1E}
		{1A9B549B-25AF-4349-8C3E-DFE50B4C1B6B} = {C40352D6-5EB4-45A9-8400-ABFB057214E9}
	EndGlobalSection
EndGlobal
